{
  "name": "demo",
  "version": "1.0.0",
  "lockfileVersion": 2,
  "requires": true,
  "packages": {
    "": {
      "name": "demo",
      "version": "1.0.0",
      "license": "ISC",
      "dependencies": {
        "@skapoor8/loki": "file:.."
      }
    },
    "..": {
      "name": "@skapoor8/loki",
      "version": "0.6.14",
      "license": "ISC",
      "dependencies": {
        "commander": "^8.0.0",
        "ejs": "^3.1.6",
        "esm": "^3.2.25",
        "express": "^4.17.1",
        "lodash-es": "^4.17.21",
        "node-watch": "^0.7.3",
        "nodemon": "^2.0.9",
        "semver": "^7.3.7",
        "webpack": "^5.45.1"
      },
      "bin": {
        "loki": "bin/cli.js"
      },
      "devDependencies": {
        "webpack-cli": "^4.7.2"
      }
    },
    "node_modules/@skapoor8/loki": {
      "resolved": "..",
      "link": true
    }
  },
  "dependencies": {
    "@skapoor8/loki": {
      "version": "file:..",
      "requires": {
        "commander": "^8.0.0",
        "ejs": "^3.1.6",
        "esm": "^3.2.25",
        "express": "^4.17.1",
        "lodash-es": "^4.17.21",
        "node-watch": "^0.7.3",
        "nodemon": "^2.0.9",
        "semver": "^7.3.7",
        "webpack": "^5.45.1",
        "webpack-cli": "^4.7.2"
      }
    }
  }
}
